// !$*UTF8*$!
{
	archiveVersion = 1;
	classes = {
	};
	objectVersion = 46;
	objects = {

/* Begin PBXBuildFile section */
		C95AA2B31BA8927300474321 /* AppDelegate.swift in Sources */ = {isa = PBXBuildFile; fileRef = C95AA2B21BA8927300474321 /* AppDelegate.swift */; };
		C95AA2B51BA8927300474321 /* ViewController.swift in Sources */ = {isa = PBXBuildFile; fileRef = C95AA2B41BA8927300474321 /* ViewController.swift */; };
		C95AA2B81BA8927300474321 /* Main.storyboard in Resources */ = {isa = PBXBuildFile; fileRef = C95AA2B61BA8927300474321 /* Main.storyboard */; };
		C95AA2BA1BA8927300474321 /* Images.xcassets in Resources */ = {isa = PBXBuildFile; fileRef = C95AA2B91BA8927300474321 /* Images.xcassets */; };
		C95AA2BD1BA8927300474321 /* LaunchScreen.xib in Resources */ = {isa = PBXBuildFile; fileRef = C95AA2BB1BA8927300474321 /* LaunchScreen.xib */; };
		C95AA2C91BA8927300474321 /* audio_in_swiftTests.swift in Sources */ = {isa = PBXBuildFile; fileRef = C95AA2C81BA8927300474321 /* audio_in_swiftTests.swift */; };
		C95AA2D31BA8933900474321 /* audio.mp3 in Resources */ = {isa = PBXBuildFile; fileRef = C95AA2D21BA8933900474321 /* audio.mp3 */; };
/* End PBXBuildFile section */

/* Begin PBXContainerItemProxy section */
		C95AA2C31BA8927300474321 /* PBXContainerItemProxy */ = {
			isa = PBXContainerItemProxy;
			containerPortal = C95AA2A51BA8927300474321 /* Project object */;
			proxyType = 1;
			remoteGlobalIDString = C95AA2AC1BA8927300474321;
			remoteInfo = audio_in_swift;
		};
/* End PBXContainerItemProxy section */

/* Begin PBXFileReference section */
		C95AA2AD1BA8927300474321 /* audio_in_swift.app */ = {isa = PBXFileReference; explicitFileType = wrapper.application; includeInIndex = 0; path = audio_in_swift.app; sourceTree = BUILT_PRODUCTS_DIR; };
		C95AA2B11BA8927300474321 /* Info.plist */ = {isa = PBXFileReference; lastKnownFileType = text.plist.xml; path = Info.plist; sourceTree = "<group>"; };
		C95AA2B21BA8927300474321 /* AppDelegate.swift */ = {isa = PBXFileReference; lastKnownFileType = sourcecode.swift; path = AppDelegate.swift; sourceTree = "<group>"; };
		C95AA2B41BA8927300474321 /* ViewController.swift */ = {isa = PBXFileReference; lastKnownFileType = sourcecode.swift; path = ViewController.swift; sourceTree = "<group>"; };
		C95AA2B71BA8927300474321 /* Base */ = {isa = PBXFileReference; lastKnownFileType = file.storyboard; name = Base; path = Base.lproj/Main.storyboard; sourceTree = "<group>"; };
		C95AA2B91BA8927300474321 /* Images.xcassets */ = {isa = PBXFileReference; lastKnownFileType = folder.assetcatalog; path = Images.xcassets; sourceTree = "<group>"; };
		C95AA2BC1BA8927300474321 /* Base */ = {isa = PBXFileReference; lastKnownFileType = file.xib; name = Base; path = Base.lproj/LaunchScreen.xib; sourceTree = "<group>"; };
		C95AA2C21BA8927300474321 /* audio_in_swiftTests.xctest */ = {isa = PBXFileReference; explicitFileType = wrapper.cfbundle; includeInIndex = 0; path = audio_in_swiftTests.xctest; sourceTree = BUILT_PRODUCTS_DIR; };
		C95AA2C71BA8927300474321 /* Info.plist */ = {isa = PBXFileReference; lastKnownFileType = text.plist.xml; path = Info.plist; sourceTree = "<group>"; };
		C95AA2C81BA8927300474321 /* audio_in_swiftTests.swift */ = {isa = PBXFileReference; lastKnownFileType = sourcecode.swift; path = audio_in_swiftTests.swift; sourceTree = "<group>"; };
		C95AA2D21BA8933900474321 /* audio.mp3 */ = {isa = PBXFileReference; lastKnownFileType = audio.mp3; path = audio.mp3; sourceTree = "<group>"; };
/* End PBXFileReference section */

/* Begin PBXFrameworksBuildPhase section */
		C95AA2AA1BA8927300474321 /* Frameworks */ = {
			isa = PBXFrameworksBuildPhase;
			buildActionMask = 2147483647;
			files = (
			);
			runOnlyForDeploymentPostprocessing = 0;
		};
		C95AA2BF1BA8927300474321 /* Frameworks */ = {
			isa = PBXFrameworksBuildPhase;
			buildActionMask = 2147483647;
			files = (
			);
			runOnlyForDeploymentPostprocessing = 0;
		};
/* End PBXFrameworksBuildPhase section */

/* Begin PBXGroup section */
		C95AA2A41BA8927300474321 = {
			isa = PBXGroup;
			children = (
				C95AA2AF1BA8927300474321 /* audio_in_swift */,
				C95AA2C51BA8927300474321 /* audio_in_swiftTests */,
				C95AA2AE1BA8927300474321 /* Products */,
			);
			sourceTree = "<group>";
		};
		C95AA2AE1BA8927300474321 /* Products */ = {
			isa = PBXGroup;
			children = (
				C95AA2AD1BA8927300474321 /* audio_in_swift.app */,
				C95AA2C21BA8927300474321 /* audio_in_swiftTests.xctest */,
			);
			name = Products;
			sourceTree = "<group>";
		};
		C95AA2AF1BA8927300474321 /* audio_in_swift */ = {
			isa = PBXGroup;
			children = (
				C95AA2B21BA8927300474321 /* AppDelegate.swift */,
				C95AA2B41BA8927300474321 /* ViewController.swift */,
				C95AA2B61BA8927300474321 /* Main.storyboard */,
				C95AA2D21BA8933900474321 /* audio.mp3 */,
				C95AA2B91BA8927300474321 /* Images.xcassets */,
				C95AA2BB1BA8927300474321 /* LaunchScreen.xib */,
				C95AA2B01BA8927300474321 /* Supporting Files */,
			);
			path = audio_in_swift;
			sourceTree = "<group>";
		};
		C95AA2B01BA8927300474321 /* Supporting Files */ = {
			isa = PBXGroup;
			children = (
				C95AA2B11BA8927300474321 /* Info.plist */,
			);
			name = "Supporting Files";
			sourceTree = "<group>";
		};
		C95AA2C51BA8927300474321 /* audio_in_swiftTests */ = {
			isa = PBXGroup;
			children = (
				C95AA2C81BA8927300474321 /* audio_in_swiftTests.swift */,
				C95AA2C61BA8927300474321 /* Supporting Files */,
			);
			path = audio_in_swiftTests;
			sourceTree = "<group>";
		};
		C95AA2C61BA8927300474321 /* Supporting Files */ = {
			isa = PBXGroup;
			children = (
				C95AA2C71BA8927300474321 /* Info.plist */,
			);
			name = "Supporting Files";
			sourceTree = "<group>";
		};
/* End PBXGroup section */

/* Begin PBXNativeTarget section */
		C95AA2AC1BA8927300474321 /* audio_in_swift */ = {
			isa = PBXNativeTarget;
			buildConfigurationList = C95AA2CC1BA8927400474321 /* Build configuration list for PBXNativeTarget "audio_in_swift" */;
			buildPhases = (
				C95AA2A91BA8927300474321 /* Sources */,
				C95AA2AA1BA8927300474321 /* Frameworks */,
				C95AA2AB1BA8927300474321 /* Resources */,
			);
			buildRules = (
			);
			dependencies = (
			);
			name = audio_in_swift;
			productName = audio_in_swift;
			productReference = C95AA2AD1BA8927300474321 /* audio_in_swift.app */;
			productType = "com.apple.product-type.application";
		};
		C95AA2C11BA8927300474321 /* audio_in_swiftTests */ = {
			isa = PBXNativeTarget;
			buildConfigurationList = C95AA2CF1BA8927400474321 /* Build configuration list for PBXNativeTarget "audio_in_swiftTests" */;
			buildPhases = (
				C95AA2BE1BA8927300474321 /* Sources */,
				C95AA2BF1BA8927300474321 /* Frameworks */,
				C95AA2C01BA8927300474321 /* Resources */,
			);
			buildRules = (
			);
			dependencies = (
				C95AA2C41BA8927300474321 /* PBXTargetDependency */,
			);
			name = audio_in_swiftTests;
			productName = audio_in_swiftTests;
			productReference = C95AA2C21BA8927300474321 /* audio_in_swiftTests.xctest */;
			productType = "com.apple.product-type.bundle.unit-test";
		};
/* End PBXNativeTarget section */

/* Begin PBXProject section */
		C95AA2A51BA8927300474321 /* Project object */ = {
			isa = PBXProject;
			attributes = {
				LastUpgradeCheck = 0640;
				ORGANIZATIONNAME = "Mehul Vekariya";
				TargetAttributes = {
					C95AA2AC1BA8927300474321 = {
						CreatedOnToolsVersion = 6.4;
					};
					C95AA2C11BA8927300474321 = {
						CreatedOnToolsVersion = 6.4;
						TestTargetID = C95AA2AC1BA8927300474321;
					};
				};
			};
			buildConfigurationList = C95AA2A81BA8927300474321 /* Build configuration list for PBXProject "audio_in_swift" */;
			compatibilityVersion = "Xcode 3.2";
			developmentRegion = English;
			hasScannedForEncodings = 0;
			knownRegions = (
				en,
				Base,
			);
			mainGroup = C95AA2A41BA8927300474321;
			productRefGroup = C95AA2AE1BA8927300474321 /* Products */;
			projectDirPath = "";
			projectRoot = "";
			targets = (
				C95AA2AC1BA8927300474321 /* audio_in_swift */,
				C95AA2C11BA8927300474321 /* audio_in_swiftTests */,
			);
		};
/* End PBXProject section */

/* Begin PBXResourcesBuildPhase section */
		C95AA2AB1BA8927300474321 /* Resources */ = {
			isa = PBXResourcesBuildPhase;
			buildActionMask = 2147483647;
			files = (
				C95AA2B81BA8927300474321 /* Main.storyboard in Resources */,
				C95AA2D31BA8933900474321 /* audio.mp3 in Resources */,
				C95AA2BD1BA8927300474321 /* LaunchScreen.xib in Resources */,
				C95AA2BA1BA8927300474321 /* Images.xcassets in Resources */,
			);
			runOnlyForDeploymentPostprocessing = 0;
		};
		C95AA2C01BA8927300474321 /* Resources */ = {
			isa = PBXResourcesBuildPhase;
			buildActionMask = 2147483647;
			files = (
			);
			runOnlyForDeploymentPostprocessing = 0;
		};
/* End PBXResourcesBuildPhase section */

/* Begin PBXSourcesBuildPhase section */
		C95AA2A91BA8927300474321 /* Sources */ = {
			isa = PBXSourcesBuildPhase;
			buildActionMask = 2147483647;
			files = (
				C95AA2B51BA8927300474321 /* ViewController.swift in Sources */,
				C95AA2B31BA8927300474321 /* AppDelegate.swift in Sources */,
			);
			runOnlyForDeploymentPostprocessing = 0;
		};
		C95AA2BE1BA8927300474321 /* Sources */ = {
			isa = PBXSourcesBuildPhase;
			buildActionMask = 2147483647;
			files = (
				C95AA2C91BA8927300474321 /* audio_in_swiftTests.swift in Sources */,
			);
			runOnlyForDeploymentPostprocessing = 0;
		};
/* End PBXSourcesBuildPhase section */

/* Begin PBXTargetDependency section */
		C95AA2C41BA8927300474321 /* PBXTargetDependency */ = {
			isa = PBXTargetDependency;
			target = C95AA2AC1BA8927300474321 /* audio_in_swift */;
			targetProxy = C95AA2C31BA8927300474321 /* PBXContainerItemProxy */;
		};
/* End PBXTargetDependency section */

/* Begin PBXVariantGroup section */
		C95AA2B61BA8927300474321 /* Main.storyboard */ = {
			isa = PBXVariantGroup;
			children = (
				C95AA2B71BA8927300474321 /* Base */,
			);
			name = Main.storyboard;
			sourceTree = "<group>";
		};
		C95AA2BB1BA8927300474321 /* LaunchScreen.xib */ = {
			isa = PBXVariantGroup;
			children = (
				C95AA2BC1BA8927300474321 /* Base */,
			);
			name = LaunchScreen.xib;
			sourceTree = "<group>";
		};
/* End PBXVariantGroup section */

/* Begin XCBuildConfiguration section */
		C95AA2CA1BA8927400474321 /* Debug */ = {
			isa = XCBuildConfiguration;
			buildSettings = {
				ALWAYS_SEARCH_USER_PATHS = NO;
				CLANG_CXX_LANGUAGE_STANDARD = "gnu++0x";
				CLANG_CXX_LIBRARY = "libc++";
				CLANG_ENABLE_MODULES = YES;
				CLANG_ENABLE_OBJC_ARC = YES;
				CLANG_WARN_BOOL_CONVERSION = YES;
				CLANG_WARN_CONSTANT_CONVERSION = YES;
				CLANG_WARN_DIRECT_OBJC_ISA_USAGE = YES_ERROR;
				CLANG_WARN_EMPTY_BODY = YES;
				CLANG_WARN_ENUM_CONVERSION = YES;
				CLANG_WARN_INT_CONVERSION = YES;
				CLANG_WARN_OBJC_ROOT_CLASS = YES_ERROR;
				CLANG_WARN_UNREACHABLE_CODE = YES;
				CLANG_WARN__DUPLICATE_METHOD_MATCH = YES;
				"CODE_SIGN_IDENTITY[sdk=iphoneos*]" = "iPhone Developer";
				COPY_PHASE_STRIP = NO;
				DEBUG_INFORMATION_FORMAT = "dwarf-with-dsym";
				ENABLE_STRICT_OBJC_MSGSEND = YES;
				GCC_C_LANGUAGE_STANDARD = gnu99;
				GCC_DYNAMIC_NO_PIC = NO;
				GCC_NO_COMMON_BLOCKS = YES;
				GCC_OPTIMIZATION_LEVEL = 0;
				GCC_PREPROCESSOR_DEFINITIONS = (
					"DEBUG=1",
					"$(inherited)",
				);
				GCC_SYMBOLS_PRIVATE_EXTERN = NO;
				GCC_WARN_64_TO_32_BIT_CONVERSION = YES;
				GCC_WARN_ABOUT_RETURN_TYPE = YES_ERROR;
				GCC_WARN_UNDECLARED_SELECTOR = YES;
				GCC_WARN_UNINITIALIZED_AUTOS = YES_AGGRESSIVE;
				GCC_WARN_UNUSED_FUNCTION = YES;
				GCC_WARN_UNUSED_VARIABLE = YES;
				IPHONEOS_DEPLOYMENT_TARGET = 8.4;
				MTL_ENABLE_DEBUG_INFO = YES;
				ONLY_ACTIVE_ARCH = YES;
				SDKROOT = iphoneos;
				SWIFT_OPTIMIZATION_LEVEL = "-Onone";
			};
			name = Debug;
		};
		C95AA2CB1BA8927400474321 /* Release */ = {
			isa = XCBuildConfiguration;
			buildSettings = {
				ALWAYS_SEARCH_USER_PATHS = NO;
				CLANG_CXX_LANGUAGE_STANDARD = "gnu++0x";
				CLANG_CXX_LIBRARY = "libc++";
				CLANG_ENABLE_MODULES = YES;
				CLANG_ENABLE_OBJC_ARC = YES;
				CLANG_WARN_BOOL_CONVERSION = YES;
				CLANG_WARN_CONSTANT_CONVERSION = YES;
				CLANG_WARN_DIRECT_OBJC_ISA_USAGE = YES_ERROR;
				CLANG_WARN_EMPTY_BODY = YES;
				CLANG_WARN_ENUM_CONVERSION = YES;
				CLANG_WARN_INT_CONVERSION = YES;
				CLANG_WARN_OBJC_ROOT_CLASS = YES_ERROR;
				CLANG_WARN_UNREACHABLE_CODE = YES;
				CLANG_WARN__DUPLICATE_METHOD_MATCH = YES;
				"CODE_SIGN_IDENTITY[sdk=iphoneos*]" = "iPhone Developer";
				COPY_PHASE_STRIP = NO;
				DEBUG_INFORMATION_FORMAT = "dwarf-with-dsym";
				ENABLE_NS_ASSERTIONS = NO;
				ENABLE_STRICT_OBJC_MSGSEND = YES;
				GCC_C_LANGUAGE_STANDARD = gnu99;
				GCC_NO_COMMON_BLOCKS = YES;
				GCC_WARN_64_TO_32_BIT_CONVERSION = YES;
				GCC_WARN_ABOUT_RETURN_TYPE = YES_ERROR;
				GCC_WARN_UNDECLARED_SELECTOR = YES;
				GCC_WARN_UNINITIALIZED_AUTOS = YES_AGGRESSIVE;
				GCC_WARN_UNUSED_FUNCTION = YES;
				GCC_WARN_UNUSED_VARIABLE = YES;
				IPHONEOS_DEPLOYMENT_TARGET = 8.4;
				MTL_ENABLE_DEBUG_INFO = NO;
				SDKROOT = iphoneos;
				VALIDATE_PRODUCT = YES;
			};
			name = Release;
		};
		C95AA2CD1BA8927400474321 /* Debug */ = {
			isa = XCBuildConfiguration;
			buildSettings = {
				ASSETCATALOG_COMPILER_APPICON_NAME = AppIcon;
				INFOPLIST_FILE = audio_in_swift/Info.plist;
				LD_RUNPATH_SEARCH_PATHS = "$(inherited) @executable_path/Frameworks";
				PRODUCT_NAME = "$(TARGET_NAME)";
			};
			name = Debug;
		};
		C95AA2CE1BA8927400474321 /* Release */ = {
			isa = XCBuildConfiguration;
			buildSettings = {
				ASSETCATALOG_COMPILER_APPICON_NAME = AppIcon;
				INFOPLIST_FILE = audio_in_swift/Info.plist;
				LD_RUNPATH_SEARCH_PATHS = "$(inherited) @executable_path/Frameworks";
				PRODUCT_NAME = "$(TARGET_NAME)";
			};
			name = Release;
		};
		C95AA2D01BA8927400474321 /* Debug */ = {
			isa = XCBuildConfiguration;
			buildSettings = {
				BUNDLE_LOADER = "$(TEST_HOST)";
				FRAMEWORK_SEARCH_PATHS = (
					"$(SDKROOT)/Developer/Library/Frameworks",
					"$(inherited)",
				);
				GCC_PREPROCESSOR_DEFINITIONS = (
					"DEBUG=1",
					"$(inherited)",
				);
				INFOPLIST_FILE = audio_in_swiftTests/Info.plist;
				LD_RUNPATH_SEARCH_PATHS = "$(inherited) @executable_path/Frameworks @loader_path/Frameworks";
				PRODUCT_NAME = "$(TARGET_NAME)";
				TEST_HOST = "$(BUILT_PRODUCTS_DIR)/audio_in_swift.app/audio_in_swift";
			};
			name = Debug;
		};
		C95AA2D11BA8927400474321 /* Release */ = {
			isa = XCBuildConfiguration;
			buildSettings = {
				BUNDLE_LOADER = "$(TEST_HOST)";
				FRAMEWORK_SEARCH_PATHS = (
					"$(SDKROOT)/Developer/Library/Frameworks",
					"$(inherited)",
				);
				INFOPLIST_FILE = audio_in_swiftTests/Info.plist;
				LD_RUNPATH_SEARCH_PATHS = "$(inherited) @executable_path/Frameworks @loader_path/Frameworks";
				PRODUCT_NAME = "$(TARGET_NAME)";
				TEST_HOST = "$(BUILT_PRODUCTS_DIR)/audio_in_swift.app/audio_in_swift";
			};
			name = Release;
		};
/* End XCBuildConfiguration section */

/* Begin XCConfigurationList section */
		C95AA2A81BA8927300474321 /* Build configuration list for PBXProject "audio_in_swift" */ = {
			isa = XCConfigurationList;
			buildConfigurations = (
				C95AA2CA1BA8927400474321 /* Debug */,
				C95AA2CB1BA8927400474321 /* Release */,
			);
			defaultConfigurationIsVisible = 0;
			defaultConfigurationName = Release;
		};
		C95AA2CC1BA8927400474321 /* Build configuration list for PBXNativeTarget "audio_in_swift" */ = {
			isa = XCConfigurationList;
			buildConfigurations = (
				C95AA2CD1BA8927400474321 /* Debug */,
				C95AA2CE1BA8927400474321 /* Release */,
			);
			defaultConfigurationIsVisible = 0;
		};
		C95AA2CF1BA8927400474321 /* Build configuration list for PBXNativeTarget "audio_in_swiftTests" */ = {
			isa = XCConfigurationList;
			buildConfigurations = (
				C95AA2D01BA8927400474321 /* Debug */,
				C95AA2D11BA8927400474321 /* Release */,
			);
			defaultConfigurationIsVisible = 0;
		};
/* End XCConfigurationList section */
	};
	rootObject = C95AA2A51BA8927300474321 /* Project object */;
}
